Microsoft Visual Studio Solution File, Format Version 8.00
Project("{8BC9CEB8-8B4A-11D0-8D11-00A0C91BC942}") = "matio", "matio.vcproj", "{5B256995-7E61-4965-A9A0-2BE1EA9E0F25}"
	ProjectSection(ProjectDependencies) = postProject
		{467CF752-269D-45D5-AF1A-A1CD35018ED2} = {467CF752-269D-45D5-AF1A-A1CD35018ED2}
	EndProjectSection
EndProject
Project("{8BC9CEB8-8B4A-11D0-8D11-00A0C91BC942}") = "test_mat", "test_mat\test_mat.vcproj", "{51D23F0D-CE2E-4D5E-9378-71A799D68444}"
	ProjectSection(ProjectDependencies) = postProject
		{467CF752-269D-45D5-AF1A-A1CD35018ED2} = {467CF752-269D-45D5-AF1A-A1CD35018ED2}
		{5B256995-7E61-4965-A9A0-2BE1EA9E0F25} = {5B256995-7E61-4965-A9A0-2BE1EA9E0F25}
	EndProjectSection
EndProject
Project("{8BC9CEB8-8B4A-11D0-8D11-00A0C91BC942}") = "zlib", "..\zlib\projects\visualc7\zlib.vcproj", "{467CF752-269D-45D5-AF1A-A1CD35018ED2}"
	ProjectSection(ProjectDependencies) = postProject
	EndProjectSection
EndProject
Global
	GlobalSection(SolutionConfiguration) = preSolution
		Debug = Debug
		DLL ASM Debug = DLL ASM Debug
		DLL ASM Release = DLL ASM Release
		DLL Debug = DLL Debug
		DLL Release = DLL Release
		LIB ASM Debug = LIB ASM Debug
		LIB ASM Release = LIB ASM Release
		LIB Debug = LIB Debug
		LIB Release = LIB Release
		Release = Release
	EndGlobalSection
	GlobalSection(ProjectConfiguration) = postSolution
		{5B256995-7E61-4965-A9A0-2BE1EA9E0F25}.Debug.ActiveCfg = LIB Release|Win32
		{5B256995-7E61-4965-A9A0-2BE1EA9E0F25}.Debug.Build.0 = LIB Release|Win32
		{5B256995-7E61-4965-A9A0-2BE1EA9E0F25}.DLL ASM Debug.ActiveCfg = DLL Debug|Win32
		{5B256995-7E61-4965-A9A0-2BE1EA9E0F25}.DLL ASM Debug.Build.0 = DLL Debug|Win32
		{5B256995-7E61-4965-A9A0-2BE1EA9E0F25}.DLL ASM Release.ActiveCfg = DLL Release|Win32
		{5B256995-7E61-4965-A9A0-2BE1EA9E0F25}.DLL ASM Release.Build.0 = DLL Release|Win32
		{5B256995-7E61-4965-A9A0-2BE1EA9E0F25}.DLL Debug.ActiveCfg = DLL Debug|Win32
		{5B256995-7E61-4965-A9A0-2BE1EA9E0F25}.DLL Debug.Build.0 = DLL Debug|Win32
		{5B256995-7E61-4965-A9A0-2BE1EA9E0F25}.DLL Release.ActiveCfg = DLL Release|Win32
		{5B256995-7E61-4965-A9A0-2BE1EA9E0F25}.DLL Release.Build.0 = DLL Release|Win32
		{5B256995-7E61-4965-A9A0-2BE1EA9E0F25}.LIB ASM Debug.ActiveCfg = LIB Debug|Win32
		{5B256995-7E61-4965-A9A0-2BE1EA9E0F25}.LIB ASM Debug.Build.0 = LIB Debug|Win32
		{5B256995-7E61-4965-A9A0-2BE1EA9E0F25}.LIB ASM Release.ActiveCfg = LIB Release|Win32
		{5B256995-7E61-4965-A9A0-2BE1EA9E0F25}.LIB ASM Release.Build.0 = LIB Release|Win32
		{5B256995-7E61-4965-A9A0-2BE1EA9E0F25}.LIB Debug.ActiveCfg = LIB Debug|Win32
		{5B256995-7E61-4965-A9A0-2BE1EA9E0F25}.LIB Debug.Build.0 = LIB Debug|Win32
		{5B256995-7E61-4965-A9A0-2BE1EA9E0F25}.LIB Release.ActiveCfg = LIB Release|Win32
		{5B256995-7E61-4965-A9A0-2BE1EA9E0F25}.LIB Release.Build.0 = LIB Release|Win32
		{5B256995-7E61-4965-A9A0-2BE1EA9E0F25}.Release.ActiveCfg = LIB Release|Win32
		{5B256995-7E61-4965-A9A0-2BE1EA9E0F25}.Release.Build.0 = LIB Release|Win32
		{51D23F0D-CE2E-4D5E-9378-71A799D68444}.Debug.ActiveCfg = Release|Win32
		{51D23F0D-CE2E-4D5E-9378-71A799D68444}.Debug.Build.0 = Release|Win32
		{51D23F0D-CE2E-4D5E-9378-71A799D68444}.DLL ASM Debug.ActiveCfg = DLL Debug|Win32
		{51D23F0D-CE2E-4D5E-9378-71A799D68444}.DLL ASM Debug.Build.0 = DLL Debug|Win32
		{51D23F0D-CE2E-4D5E-9378-71A799D68444}.DLL ASM Release.ActiveCfg = DLL Release|Win32
		{51D23F0D-CE2E-4D5E-9378-71A799D68444}.DLL ASM Release.Build.0 = DLL Release|Win32
		{51D23F0D-CE2E-4D5E-9378-71A799D68444}.DLL Debug.ActiveCfg = Debug|Win32
		{51D23F0D-CE2E-4D5E-9378-71A799D68444}.DLL Debug.Build.0 = Debug|Win32
		{51D23F0D-CE2E-4D5E-9378-71A799D68444}.DLL Release.ActiveCfg = DLL Release|Win32
		{51D23F0D-CE2E-4D5E-9378-71A799D68444}.DLL Release.Build.0 = DLL Release|Win32
		{51D23F0D-CE2E-4D5E-9378-71A799D68444}.LIB ASM Debug.ActiveCfg = Debug|Win32
		{51D23F0D-CE2E-4D5E-9378-71A799D68444}.LIB ASM Debug.Build.0 = Debug|Win32
		{51D23F0D-CE2E-4D5E-9378-71A799D68444}.LIB ASM Release.ActiveCfg = Release|Win32
		{51D23F0D-CE2E-4D5E-9378-71A799D68444}.LIB ASM Release.Build.0 = Release|Win32
		{51D23F0D-CE2E-4D5E-9378-71A799D68444}.LIB Debug.ActiveCfg = Debug|Win32
		{51D23F0D-CE2E-4D5E-9378-71A799D68444}.LIB Debug.Build.0 = Debug|Win32
		{51D23F0D-CE2E-4D5E-9378-71A799D68444}.LIB Release.ActiveCfg = Release|Win32
		{51D23F0D-CE2E-4D5E-9378-71A799D68444}.LIB Release.Build.0 = Release|Win32
		{51D23F0D-CE2E-4D5E-9378-71A799D68444}.Release.ActiveCfg = Release|Win32
		{51D23F0D-CE2E-4D5E-9378-71A799D68444}.Release.Build.0 = Release|Win32
		{467CF752-269D-45D5-AF1A-A1CD35018ED2}.Debug.ActiveCfg = LIB Release|Win32
		{467CF752-269D-45D5-AF1A-A1CD35018ED2}.Debug.Build.0 = LIB Release|Win32
		{467CF752-269D-45D5-AF1A-A1CD35018ED2}.DLL ASM Debug.ActiveCfg = DLL ASM Debug|Win32
		{467CF752-269D-45D5-AF1A-A1CD35018ED2}.DLL ASM Debug.Build.0 = DLL ASM Debug|Win32
		{467CF752-269D-45D5-AF1A-A1CD35018ED2}.DLL ASM Release.ActiveCfg = DLL ASM Release|Win32
		{467CF752-269D-45D5-AF1A-A1CD35018ED2}.DLL ASM Release.Build.0 = DLL ASM Release|Win32
		{467CF752-269D-45D5-AF1A-A1CD35018ED2}.DLL Debug.ActiveCfg = DLL Debug|Win32
		{467CF752-269D-45D5-AF1A-A1CD35018ED2}.DLL Debug.Build.0 = DLL Debug|Win32
		{467CF752-269D-45D5-AF1A-A1CD35018ED2}.DLL Release.ActiveCfg = DLL Release|Win32
		{467CF752-269D-45D5-AF1A-A1CD35018ED2}.DLL Release.Build.0 = DLL Release|Win32
		{467CF752-269D-45D5-AF1A-A1CD35018ED2}.LIB ASM Debug.ActiveCfg = LIB ASM Debug|Win32
		{467CF752-269D-45D5-AF1A-A1CD35018ED2}.LIB ASM Debug.Build.0 = LIB ASM Debug|Win32
		{467CF752-269D-45D5-AF1A-A1CD35018ED2}.LIB ASM Release.ActiveCfg = LIB ASM Release|Win32
		{467CF752-269D-45D5-AF1A-A1CD35018ED2}.LIB ASM Release.Build.0 = LIB ASM Release|Win32
		{467CF752-269D-45D5-AF1A-A1CD35018ED2}.LIB Debug.ActiveCfg = LIB Debug|Win32
		{467CF752-269D-45D5-AF1A-A1CD35018ED2}.LIB Debug.Build.0 = LIB Debug|Win32
		{467CF752-269D-45D5-AF1A-A1CD35018ED2}.LIB Release.ActiveCfg = LIB Release|Win32
		{467CF752-269D-45D5-AF1A-A1CD35018ED2}.LIB Release.Build.0 = LIB Release|Win32
		{467CF752-269D-45D5-AF1A-A1CD35018ED2}.Release.ActiveCfg = LIB Release|Win32
		{467CF752-269D-45D5-AF1A-A1CD35018ED2}.Release.Build.0 = LIB Release|Win32
	EndGlobalSection
	GlobalSection(ExtensibilityGlobals) = postSolution
	EndGlobalSection
	GlobalSection(ExtensibilityAddIns) = postSolution
	EndGlobalSection
EndGlobal
